
Microsoft Visual Studio Solution File, Format Version 12.00
# Visual Studio Version 17
VisualStudioVersion = 17.13.35931.197 d17.13
MinimumVisualStudioVersion = 10.0.40219.1
Project("{FAE04EC0-301F-11D3-BF4B-00C04F79EFBC}") = "kamo_learnhub", "kamo_learnhub\kamo_learnhub.csproj", "{DD511E62-BDB2-405C-BF6F-2F9B861DD6DF}"
EndProject
Global
	GlobalSection(SolutionConfigurationPlatforms) = preSolution
		Debug|Any CPU = Debug|Any CPU
		Release|Any CPU = Release|Any CPU
	EndGlobalSection
	GlobalSection(ProjectConfigurationPlatforms) = postSolution
		{DD511E62-BDB2-405C-BF6F-2F9B861DD6DF}.Debug|Any CPU.ActiveCfg = Debug|Any CPU
		{DD511E62-BDB2-405C-BF6F-2F9B861DD6DF}.Debug|Any CPU.Build.0 = Debug|Any CPU
		{DD511E62-BDB2-405C-BF6F-2F9B861DD6DF}.Release|Any CPU.ActiveCfg = Release|Any CPU
		{DD511E62-BDB2-405C-BF6F-2F9B861DD6DF}.Release|Any CPU.Build.0 = Release|Any CPU
	EndGlobalSection
	GlobalSection(SolutionProperties) = preSolution
		HideSolutionNode = FALSE
	EndGlobalSection
	GlobalSection(ExtensibilityGlobals) = postSolution
		SolutionGuid = {231CACEA-D733-4131-82B0-E82EDA3C261E}
	EndGlobalSection
EndGlobal
